
Microsoft Visual Studio Solution File, Format Version 12.00
# Visual Studio Version 16
VisualStudioVersion = 16.0.33027.164
MinimumVisualStudioVersion = 10.0.40219.1
Project("{FAE04EC0-301F-11D3-BF4B-00C04F79EFBC}") = "IdCard", "IdCard\IdCard.csproj", "{3CEED2DE-CA61-4760-BCD0-659F495A9120}"
EndProject
Global
	GlobalSection(SolutionConfigurationPlatforms) = preSolution
		Debug|Any CPU = Debug|Any CPU
		Debug|x64 = Debug|x64
		Release|Any CPU = Release|Any CPU
		Release|x64 = Release|x64
	EndGlobalSection
	GlobalSection(ProjectConfigurationPlatforms) = postSolution
		{3CEED2DE-CA61-4760-BCD0-659F495A9120}.Debug|Any CPU.ActiveCfg = Debug|Any CPU
		{3CEED2DE-CA61-4760-BCD0-659F495A9120}.Debug|Any CPU.Build.0 = Debug|Any CPU
		{3CEED2DE-CA61-4760-BCD0-659F495A9120}.Debug|x64.ActiveCfg = Debug|x64
		{3CEED2DE-CA61-4760-BCD0-659F495A9120}.Debug|x64.Build.0 = Debug|x64
		{3CEED2DE-CA61-4760-BCD0-659F495A9120}.Release|Any CPU.ActiveCfg = Release|Any CPU
		{3CEED2DE-CA61-4760-BCD0-659F495A9120}.Release|Any CPU.Build.0 = Release|Any CPU
		{3CEED2DE-CA61-4760-BCD0-659F495A9120}.Release|x64.ActiveCfg = Release|x64
		{3CEED2DE-CA61-4760-BCD0-659F495A9120}.Release|x64.Build.0 = Release|x64
	EndGlobalSection
	GlobalSection(SolutionProperties) = preSolution
		HideSolutionNode = FALSE
	EndGlobalSection
	GlobalSection(ExtensibilityGlobals) = postSolution
		SolutionGuid = {7FE3A949-B71F-4101-B3D8-0D8E2EAC75DD}
	EndGlobalSection
EndGlobal
